// !$*UTF8*$!
{
	archiveVersion = 1;
	classes = {
	};
	objectVersion = 50;
	objects = {

/* Begin PBXBuildFile section */
		323F7A6D2121720C0008F258 /* AppDelegate.swift in Sources */ = {isa = PBXBuildFile; fileRef = 323F7A6C2121720C0008F258 /* AppDelegate.swift */; };
		323F7A6F2121720C0008F258 /* ViewController.swift in Sources */ = {isa = PBXBuildFile; fileRef = 323F7A6E2121720C0008F258 /* ViewController.swift */; };
		323F7A722121720C0008F258 /* Main.storyboard in Resources */ = {isa = PBXBuildFile; fileRef = 323F7A702121720C0008F258 /* Main.storyboard */; };
		323F7A742121720D0008F258 /* Assets.xcassets in Resources */ = {isa = PBXBuildFile; fileRef = 323F7A732121720D0008F258 /* Assets.xcassets */; };
		323F7A772121720D0008F258 /* LaunchScreen.storyboard in Resources */ = {isa = PBXBuildFile; fileRef = 323F7A752121720D0008F258 /* LaunchScreen.storyboard */; };
		B54D666294538AB71F53A8BF /* Pods_MyFirstTextAnalyticsApp.framework in Frameworks */ = {isa = PBXBuildFile; fileRef = 4E3FD178B9C1B735078A0D03 /* Pods_MyFirstTextAnalyticsApp.framework */; };
/* End PBXBuildFile section */

/* Begin PBXFileReference section */
		0F7746617C8A532255B6ECE8 /* Pods-MyFirstTextAnalyticsApp.release.xcconfig */ = {isa = PBXFileReference; includeInIndex = 1; lastKnownFileType = text.xcconfig; name = "Pods-MyFirstTextAnalyticsApp.release.xcconfig"; path = "Pods/Target Support Files/Pods-MyFirstTextAnalyticsApp/Pods-MyFirstTextAnalyticsApp.release.xcconfig"; sourceTree = "<group>"; };
		323F7A692121720C0008F258 /* MyFirstTextAnalyticsApp.app */ = {isa = PBXFileReference; explicitFileType = wrapper.application; includeInIndex = 0; path = MyFirstTextAnalyticsApp.app; sourceTree = BUILT_PRODUCTS_DIR; };
		323F7A6C2121720C0008F258 /* AppDelegate.swift */ = {isa = PBXFileReference; lastKnownFileType = sourcecode.swift; path = AppDelegate.swift; sourceTree = "<group>"; };
		323F7A6E2121720C0008F258 /* ViewController.swift */ = {isa = PBXFileReference; lastKnownFileType = sourcecode.swift; path = ViewController.swift; sourceTree = "<group>"; };
		323F7A712121720C0008F258 /* Base */ = {isa = PBXFileReference; lastKnownFileType = file.storyboard; name = Base; path = Base.lproj/Main.storyboard; sourceTree = "<group>"; };
		323F7A732121720D0008F258 /* Assets.xcassets */ = {isa = PBXFileReference; lastKnownFileType = folder.assetcatalog; path = Assets.xcassets; sourceTree = "<group>"; };
		323F7A762121720D0008F258 /* Base */ = {isa = PBXFileReference; lastKnownFileType = file.storyboard; name = Base; path = Base.lproj/LaunchScreen.storyboard; sourceTree = "<group>"; };
		323F7A782121720D0008F258 /* Info.plist */ = {isa = PBXFileReference; lastKnownFileType = text.plist.xml; path = Info.plist; sourceTree = "<group>"; };
		4E3FD178B9C1B735078A0D03 /* Pods_MyFirstTextAnalyticsApp.framework */ = {isa = PBXFileReference; explicitFileType = wrapper.framework; includeInIndex = 0; path = Pods_MyFirstTextAnalyticsApp.framework; sourceTree = BUILT_PRODUCTS_DIR; };
		4F58521753B364C6BC901C85 /* Pods-MyFirstTextAnalyticsApp.debug.xcconfig */ = {isa = PBXFileReference; includeInIndex = 1; lastKnownFileType = text.xcconfig; name = "Pods-MyFirstTextAnalyticsApp.debug.xcconfig"; path = "Pods/Target Support Files/Pods-MyFirstTextAnalyticsApp/Pods-MyFirstTextAnalyticsApp.debug.xcconfig"; sourceTree = "<group>"; };
/* End PBXFileReference section */

/* Begin PBXFrameworksBuildPhase section */
		323F7A662121720B0008F258 /* Frameworks */ = {
			isa = PBXFrameworksBuildPhase;
			buildActionMask = 2147483647;
			files = (
				B54D666294538AB71F53A8BF /* Pods_MyFirstTextAnalyticsApp.framework in Frameworks */,
			);
			runOnlyForDeploymentPostprocessing = 0;
		};
/* End PBXFrameworksBuildPhase section */

/* Begin PBXGroup section */
		323F7A602121720B0008F258 = {
			isa = PBXGroup;
			children = (
				323F7A6B2121720C0008F258 /* MyFirstTextAnalyticsApp */,
				323F7A6A2121720C0008F258 /* Products */,
				F7B0E6C0121C901BC4F2BB79 /* Pods */,
				7538A8AA8E6060C62639B304 /* Frameworks */,
			);
			sourceTree = "<group>";
		};
		323F7A6A2121720C0008F258 /* Products */ = {
			isa = PBXGroup;
			children = (
				323F7A692121720C0008F258 /* MyFirstTextAnalyticsApp.app */,
			);
			name = Products;
			sourceTree = "<group>";
		};
		323F7A6B2121720C0008F258 /* MyFirstTextAnalyticsApp */ = {
			isa = PBXGroup;
			children = (
				323F7A6C2121720C0008F258 /* AppDelegate.swift */,
				323F7A6E2121720C0008F258 /* ViewController.swift */,
				323F7A702121720C0008F258 /* Main.storyboard */,
				323F7A732121720D0008F258 /* Assets.xcassets */,
				323F7A752121720D0008F258 /* LaunchScreen.storyboard */,
				323F7A782121720D0008F258 /* Info.plist */,
			);
			path = MyFirstTextAnalyticsApp;
			sourceTree = "<group>";
		};
		7538A8AA8E6060C62639B304 /* Frameworks */ = {
			isa = PBXGroup;
			children = (
				4E3FD178B9C1B735078A0D03 /* Pods_MyFirstTextAnalyticsApp.framework */,
			);
			name = Frameworks;
			sourceTree = "<group>";
		};
		F7B0E6C0121C901BC4F2BB79 /* Pods */ = {
			isa = PBXGroup;
			children = (
				4F58521753B364C6BC901C85 /* Pods-MyFirstTextAnalyticsApp.debug.xcconfig */,
				0F7746617C8A532255B6ECE8 /* Pods-MyFirstTextAnalyticsApp.release.xcconfig */,
			);
			name = Pods;
			sourceTree = "<group>";
		};
/* End PBXGroup section */

/* Begin PBXNativeTarget section */
		323F7A682121720B0008F258 /* MyFirstTextAnalyticsApp */ = {
			isa = PBXNativeTarget;
			buildConfigurationList = 323F7A7B2121720D0008F258 /* Build configuration list for PBXNativeTarget "MyFirstTextAnalyticsApp" */;
			buildPhases = (
				073DBB787828B74AAA8ADEB1 /* [CP] Check Pods Manifest.lock */,
				323F7A652121720B0008F258 /* Sources */,
				323F7A662121720B0008F258 /* Frameworks */,
				323F7A672121720B0008F258 /* Resources */,
				67D19546E558313DC6EA66BB /* [CP] Embed Pods Frameworks */,
				43574D5C0CA4124CAF4FB0A9 /* [CP] Copy Pods Resources */,
			);
			buildRules = (
			);
			dependencies = (
			);
			name = MyFirstTextAnalyticsApp;
			productName = MyFirstTextAnalyticsApp;
			productReference = 323F7A692121720C0008F258 /* MyFirstTextAnalyticsApp.app */;
			productType = "com.apple.product-type.application";
		};
/* End PBXNativeTarget section */

/* Begin PBXProject section */
		323F7A612121720B0008F258 /* Project object */ = {
			isa = PBXProject;
			attributes = {
				LastSwiftUpdateCheck = 0940;
				LastUpgradeCheck = 0940;
				ORGANIZATIONNAME = "Lee Jia Wei";
				TargetAttributes = {
					323F7A682121720B0008F258 = {
						CreatedOnToolsVersion = 9.4.1;
					};
				};
			};
			buildConfigurationList = 323F7A642121720B0008F258 /* Build configuration list for PBXProject "MyFirstTextAnalyticsApp" */;
			compatibilityVersion = "Xcode 9.3";
			developmentRegion = en;
			hasScannedForEncodings = 0;
			knownRegions = (
				en,
				Base,
			);
			mainGroup = 323F7A602121720B0008F258;
			productRefGroup = 323F7A6A2121720C0008F258 /* Products */;
			projectDirPath = "";
			projectRoot = "";
			targets = (
				323F7A682121720B0008F258 /* MyFirstTextAnalyticsApp */,
			);
		};
/* End PBXProject section */

/* Begin PBXResourcesBuildPhase section */
		323F7A672121720B0008F258 /* Resources */ = {
			isa = PBXResourcesBuildPhase;
			buildActionMask = 2147483647;
			files = (
				323F7A772121720D0008F258 /* LaunchScreen.storyboard in Resources */,
				323F7A742121720D0008F258 /* Assets.xcassets in Resources */,
				323F7A722121720C0008F258 /* Main.storyboard in Resources */,
			);
			runOnlyForDeploymentPostprocessing = 0;
		};
/* End PBXResourcesBuildPhase section */

/* Begin PBXShellScriptBuildPhase section */
		073DBB787828B74AAA8ADEB1 /* [CP] Check Pods Manifest.lock */ = {
			isa = PBXShellScriptBuildPhase;
			buildActionMask = 2147483647;
			files = (
			);
			inputPaths = (
				"${PODS_PODFILE_DIR_PATH}/Podfile.lock",
				"${PODS_ROOT}/Manifest.lock",
			);
			name = "[CP] Check Pods Manifest.lock";
			outputPaths = (
				"$(DERIVED_FILE_DIR)/Pods-MyFirstTextAnalyticsApp-checkManifestLockResult.txt",
			);
			runOnlyForDeploymentPostprocessing = 0;
			shellPath = /bin/sh;
			shellScript = "diff \"${PODS_PODFILE_DIR_PATH}/Podfile.lock\" \"${PODS_ROOT}/Manifest.lock\" > /dev/null\nif [ $? != 0 ] ; then\n    # print error to STDERR\n    echo \"error: The sandbox is not in sync with the Podfile.lock. Run 'pod install' or update your CocoaPods installation.\" >&2\n    exit 1\nfi\n# This output is used by Xcode 'outputs' to avoid re-running this script phase.\necho \"SUCCESS\" > \"${SCRIPT_OUTPUT_FILE_0}\"\n";
			showEnvVarsInLog = 0;
		};
		43574D5C0CA4124CAF4FB0A9 /* [CP] Copy Pods Resources */ = {
			isa = PBXShellScriptBuildPhase;
			buildActionMask = 2147483647;
			files = (
			);
			inputPaths = (
			);
			name = "[CP] Copy Pods Resources";
			outputPaths = (
			);
			runOnlyForDeploymentPostprocessing = 0;
			shellPath = /bin/sh;
			shellScript = "\"${SRCROOT}/Pods/Target Support Files/Pods-MyFirstTextAnalyticsApp/Pods-MyFirstTextAnalyticsApp-resources.sh\"\n";
			showEnvVarsInLog = 0;
		};
		67D19546E558313DC6EA66BB /* [CP] Embed Pods Frameworks */ = {
			isa = PBXShellScriptBuildPhase;
			buildActionMask = 2147483647;
			files = (
			);
			inputPaths = (
				"${SRCROOT}/Pods/Target Support Files/Pods-MyFirstTextAnalyticsApp/Pods-MyFirstTextAnalyticsApp-frameworks.sh",
				"${BUILT_PRODUCTS_DIR}/Alamofire/Alamofire.framework",
				"${BUILT_PRODUCTS_DIR}/SwiftyJSON/SwiftyJSON.framework",
			);
			name = "[CP] Embed Pods Frameworks";
			outputPaths = (
				"${TARGET_BUILD_DIR}/${FRAMEWORKS_FOLDER_PATH}/Alamofire.framework",
				"${TARGET_BUILD_DIR}/${FRAMEWORKS_FOLDER_PATH}/SwiftyJSON.framework",
			);
			runOnlyForDeploymentPostprocessing = 0;
			shellPath = /bin/sh;
			shellScript = "\"${SRCROOT}/Pods/Target Support Files/Pods-MyFirstTextAnalyticsApp/Pods-MyFirstTextAnalyticsApp-frameworks.sh\"\n";
			showEnvVarsInLog = 0;
		};
/* End PBXShellScriptBuildPhase section */

/* Begin PBXSourcesBuildPhase section */
		323F7A652121720B0008F258 /* Sources */ = {
			isa = PBXSourcesBuildPhase;
			buildActionMask = 2147483647;
			files = (
				323F7A6F2121720C0008F258 /* ViewController.swift in Sources */,
				323F7A6D2121720C0008F258 /* AppDelegate.swift in Sources */,
			);
			runOnlyForDeploymentPostprocessing = 0;
		};
/* End PBXSourcesBuildPhase section */

/* Begin PBXVariantGroup section */
		323F7A702121720C0008F258 /* Main.storyboard */ = {
			isa = PBXVariantGroup;
			children = (
				323F7A712121720C0008F258 /* Base */,
			);
			name = Main.storyboard;
			sourceTree = "<group>";
		};
		323F7A752121720D0008F258 /* LaunchScreen.storyboard */ = {
			isa = PBXVariantGroup;
			children = (
				323F7A762121720D0008F258 /* Base */,
			);
			name = LaunchScreen.storyboard;
			sourceTree = "<group>";
		};
/* End PBXVariantGroup section */

/* Begin XCBuildConfiguration section */
		323F7A792121720D0008F258 /* Debug */ = {
			isa = XCBuildConfiguration;
			buildSettings = {
				ALWAYS_SEARCH_USER_PATHS = NO;
				CLANG_ANALYZER_NONNULL = YES;
				CLANG_ANALYZER_NUMBER_OBJECT_CONVERSION = YES_AGGRESSIVE;
				CLANG_CXX_LANGUAGE_STANDARD = "gnu++14";
				CLANG_CXX_LIBRARY = "libc++";
				CLANG_ENABLE_MODULES = YES;
				CLANG_ENABLE_OBJC_ARC = YES;
				CLANG_ENABLE_OBJC_WEAK = YES;
				CLANG_WARN_BLOCK_CAPTURE_AUTORELEASING = YES;
				CLANG_WARN_BOOL_CONVERSION = YES;
				CLANG_WARN_COMMA = YES;
				CLANG_WARN_CONSTANT_CONVERSION = YES;
				CLANG_WARN_DEPRECATED_OBJC_IMPLEMENTATIONS = YES;
				CLANG_WARN_DIRECT_OBJC_ISA_USAGE = YES_ERROR;
				CLANG_WARN_DOCUMENTATION_COMMENTS = YES;
				CLANG_WARN_EMPTY_BODY = YES;
				CLANG_WARN_ENUM_CONVERSION = YES;
				CLANG_WARN_INFINITE_RECURSION = YES;
				CLANG_WARN_INT_CONVERSION = YES;
				CLANG_WARN_NON_LITERAL_NULL_CONVERSION = YES;
				CLANG_WARN_OBJC_IMPLICIT_RETAIN_SELF = YES;
				CLANG_WARN_OBJC_LITERAL_CONVERSION = YES;
				CLANG_WARN_OBJC_ROOT_CLASS = YES_ERROR;
				CLANG_WARN_RANGE_LOOP_ANALYSIS = YES;
				CLANG_WARN_STRICT_PROTOTYPES = YES;
				CLANG_WARN_SUSPICIOUS_MOVE = YES;
				CLANG_WARN_UNGUARDED_AVAILABILITY = YES_AGGRESSIVE;
				CLANG_WARN_UNREACHABLE_CODE = YES;
				CLANG_WARN__DUPLICATE_METHOD_MATCH = YES;
				CODE_SIGN_IDENTITY = "iPhone Developer";
				COPY_PHASE_STRIP = NO;
				DEBUG_INFORMATION_FORMAT = dwarf;
				ENABLE_STRICT_OBJC_MSGSEND = YES;
				ENABLE_TESTABILITY = YES;
				GCC_C_LANGUAGE_STANDARD = gnu11;
				GCC_DYNAMIC_NO_PIC = NO;
				GCC_NO_COMMON_BLOCKS = YES;
				GCC_OPTIMIZATION_LEVEL = 0;
				GCC_PREPROCESSOR_DEFINITIONS = (
					"DEBUG=1",
					"$(inherited)",
				);
				GCC_WARN_64_TO_32_BIT_CONVERSION = YES;
				GCC_WARN_ABOUT_RETURN_TYPE = YES_ERROR;
				GCC_WARN_UNDECLARED_SELECTOR = YES;
				GCC_WARN_UNINITIALIZED_AUTOS = YES_AGGRESSIVE;
				GCC_WARN_UNUSED_FUNCTION = YES;
				GCC_WARN_UNUSED_VARIABLE = YES;
				IPHONEOS_DEPLOYMENT_TARGET = 11.4;
				MTL_ENABLE_DEBUG_INFO = YES;
				ONLY_ACTIVE_ARCH = YES;
				SDKROOT = iphoneos;
				SWIFT_ACTIVE_COMPILATION_CONDITIONS = DEBUG;
				SWIFT_OPTIMIZATION_LEVEL = "-Onone";
			};
			name = Debug;
		};
		323F7A7A2121720D0008F258 /* Release */ = {
			isa = XCBuildConfiguration;
			buildSettings = {
				ALWAYS_SEARCH_USER_PATHS = NO;
				CLANG_ANALYZER_NONNULL = YES;
				CLANG_ANALYZER_NUMBER_OBJECT_CONVERSION = YES_AGGRESSIVE;
				CLANG_CXX_LANGUAGE_STANDARD = "gnu++14";
				CLANG_CXX_LIBRARY = "libc++";
				CLANG_ENABLE_MODULES = YES;
				CLANG_ENABLE_OBJC_ARC = YES;
				CLANG_ENABLE_OBJC_WEAK = YES;
				CLANG_WARN_BLOCK_CAPTURE_AUTORELEASING = YES;
				CLANG_WARN_BOOL_CONVERSION = YES;
				CLANG_WARN_COMMA = YES;
				CLANG_WARN_CONSTANT_CONVERSION = YES;
				CLANG_WARN_DEPRECATED_OBJC_IMPLEMENTATIONS = YES;
				CLANG_WARN_DIRECT_OBJC_ISA_USAGE = YES_ERROR;
				CLANG_WARN_DOCUMENTATION_COMMENTS = YES;
				CLANG_WARN_EMPTY_BODY = YES;
				CLANG_WARN_ENUM_CONVERSION = YES;
				CLANG_WARN_INFINITE_RECURSION = YES;
				CLANG_WARN_INT_CONVERSION = YES;
				CLANG_WARN_NON_LITERAL_NULL_CONVERSION = YES;
				CLANG_WARN_OBJC_IMPLICIT_RETAIN_SELF = YES;
				CLANG_WARN_OBJC_LITERAL_CONVERSION = YES;
				CLANG_WARN_OBJC_ROOT_CLASS = YES_ERROR;
				CLANG_WARN_RANGE_LOOP_ANALYSIS = YES;
				CLANG_WARN_STRICT_PROTOTYPES = YES;
				CLANG_WARN_SUSPICIOUS_MOVE = YES;
				CLANG_WARN_UNGUARDED_AVAILABILITY = YES_AGGRESSIVE;
				CLANG_WARN_UNREACHABLE_CODE = YES;
				CLANG_WARN__DUPLICATE_METHOD_MATCH = YES;
				CODE_SIGN_IDENTITY = "iPhone Developer";
				COPY_PHASE_STRIP = NO;
				DEBUG_INFORMATION_FORMAT = "dwarf-with-dsym";
				ENABLE_NS_ASSERTIONS = NO;
				ENABLE_STRICT_OBJC_MSGSEND = YES;
				GCC_C_LANGUAGE_STANDARD = gnu11;
				GCC_NO_COMMON_BLOCKS = YES;
				GCC_WARN_64_TO_32_BIT_CONVERSION = YES;
				GCC_WARN_ABOUT_RETURN_TYPE = YES_ERROR;
				GCC_WARN_UNDECLARED_SELECTOR = YES;
				GCC_WARN_UNINITIALIZED_AUTOS = YES_AGGRESSIVE;
				GCC_WARN_UNUSED_FUNCTION = YES;
				GCC_WARN_UNUSED_VARIABLE = YES;
				IPHONEOS_DEPLOYMENT_TARGET = 11.4;
				MTL_ENABLE_DEBUG_INFO = NO;
				SDKROOT = iphoneos;
				SWIFT_COMPILATION_MODE = wholemodule;
				SWIFT_OPTIMIZATION_LEVEL = "-O";
				VALIDATE_PRODUCT = YES;
			};
			name = Release;
		};
		323F7A7C2121720D0008F258 /* Debug */ = {
			isa = XCBuildConfiguration;
			baseConfigurationReference = 4F58521753B364C6BC901C85 /* Pods-MyFirstTextAnalyticsApp.debug.xcconfig */;
			buildSettings = {
				ASSETCATALOG_COMPILER_APPICON_NAME = AppIcon;
				CODE_SIGN_STYLE = Automatic;
				INFOPLIST_FILE = MyFirstTextAnalyticsApp/Info.plist;
				LD_RUNPATH_SEARCH_PATHS = (
					"$(inherited)",
					"@executable_path/Frameworks",
				);
				PRODUCT_BUNDLE_IDENTIFIER = com.leejiawei.MyFirstTextAnalyticsApp;
				PRODUCT_NAME = "$(TARGET_NAME)";
				SWIFT_VERSION = 4.0;
				TARGETED_DEVICE_FAMILY = "1,2";
			};
			name = Debug;
		};
		323F7A7D2121720D0008F258 /* Release */ = {
			isa = XCBuildConfiguration;
			baseConfigurationReference = 0F7746617C8A532255B6ECE8 /* Pods-MyFirstTextAnalyticsApp.release.xcconfig */;
			buildSettings = {
				ASSETCATALOG_COMPILER_APPICON_NAME = AppIcon;
				CODE_SIGN_STYLE = Automatic;
				INFOPLIST_FILE = MyFirstTextAnalyticsApp/Info.plist;
				LD_RUNPATH_SEARCH_PATHS = (
					"$(inherited)",
					"@executable_path/Frameworks",
				);
				PRODUCT_BUNDLE_IDENTIFIER = com.leejiawei.MyFirstTextAnalyticsApp;
				PRODUCT_NAME = "$(TARGET_NAME)";
				SWIFT_VERSION = 4.0;
				TARGETED_DEVICE_FAMILY = "1,2";
			};
			name = Release;
		};
/* End XCBuildConfiguration section */

/* Begin XCConfigurationList section */
		323F7A642121720B0008F258 /* Build configuration list for PBXProject "MyFirstTextAnalyticsApp" */ = {
			isa = XCConfigurationList;
			buildConfigurations = (
				323F7A792121720D0008F258 /* Debug */,
				323F7A7A2121720D0008F258 /* Release */,
			);
			defaultConfigurationIsVisible = 0;
			defaultConfigurationName = Release;
		};
		323F7A7B2121720D0008F258 /* Build configuration list for PBXNativeTarget "MyFirstTextAnalyticsApp" */ = {
			isa = XCConfigurationList;
			buildConfigurations = (
				323F7A7C2121720D0008F258 /* Debug */,
				323F7A7D2121720D0008F258 /* Release */,
			);
			defaultConfigurationIsVisible = 0;
			defaultConfigurationName = Release;
		};
/* End XCConfigurationList section */
	};
	rootObject = 323F7A612121720B0008F258 /* Project object */;
}
